{
    "_readme": [
        "This file locks the dependencies of your project to a known state",
        "Read more about it at https://getcomposer.org/doc/01-basic-usage.md#composer-lock-the-lock-file",
        "This file is @generated automatically"
    ],
    "hash": "36a301c4b486452b4ba6f868fa52dd10",
    "content-hash": "67b46ff0463326e8ba40a48075e17e1c",
    "packages": [
        {
            "name": "havenondemand/havenondemand",
            "version": "1.0.0",
            "source": {
                "type": "git",
                "url": "https://github.com/HPE-Haven-OnDemand/havenondemand-php.git",
                "reference": "166b4aae790929de487b6237c0da101c9c960e83"
            },
            "dist": {
                "type": "zip",
                "url": "https://api.github.com/repos/HPE-Haven-OnDemand/havenondemand-php/zipball/166b4aae790929de487b6237c0da101c9c960e83",
                "reference": "166b4aae790929de487b6237c0da101c9c960e83",
                "shasum": ""
            },
            "require": {
                "php": ">=5.3"
            },
            "type": "library",
            "autoload": {
                "psr-0": {
                    "havenondemand": "lib/"
                }
            },
            "notification-url": "https://packagist.org/downloads/",
            "license": [
                "MIT"
            ],
            "description": "This library allows you to quickly and easily make requests to Haven OnDemand's APIs.",
            "homepage": "https://github.com/HPE-Haven-OnDemand/havenondemand-php",
            "keywords": [
                "Haven",
                "havenondemand",
                "machine learning",
                "ondemand"
            ],
            "time": "2016-04-07 22:07:45"
        }
    ],
    "packages-dev": [],
    "aliases": [],
    "minimum-stability": "stable",
    "stability-flags": [],
    "prefer-stable": false,
    "prefer-lowest": false,
    "platform": [],
    "platform-dev": []
}
